
Microsoft Visual Studio Solution File, Format Version 12.00
# Visual Studio Version 17
VisualStudioVersion = 17.1.32210.238
MinimumVisualStudioVersion = 10.0.40219.1
Project("{FAE04EC0-301F-11D3-BF4B-00C04F79EFBC}") = "webDatVeXemPhim", "webDatVeXemPhim\webDatVeXemPhim.csproj", "{E25E2E03-AA77-42BC-9320-79E69796AC87}"
EndProject
Global
	GlobalSection(SolutionConfigurationPlatforms) = preSolution
		Debug|Any CPU = Debug|Any CPU
		Release|Any CPU = Release|Any CPU
	EndGlobalSection
	GlobalSection(ProjectConfigurationPlatforms) = postSolution
		{E25E2E03-AA77-42BC-9320-79E69796AC87}.Debug|Any CPU.ActiveCfg = Debug|Any CPU
		{E25E2E03-AA77-42BC-9320-79E69796AC87}.Debug|Any CPU.Build.0 = Debug|Any CPU
		{E25E2E03-AA77-42BC-9320-79E69796AC87}.Release|Any CPU.ActiveCfg = Release|Any CPU
		{E25E2E03-AA77-42BC-9320-79E69796AC87}.Release|Any CPU.Build.0 = Release|Any CPU
	EndGlobalSection
	GlobalSection(SolutionProperties) = preSolution
		HideSolutionNode = FALSE
	EndGlobalSection
	GlobalSection(ExtensibilityGlobals) = postSolution
		SolutionGuid = {1E2DE45E-3296-4EB2-A9E5-7167E409017A}
	EndGlobalSection
EndGlobal
